version = 1
requires-python = ">=3.10"

[[package]]
name = "fish-speech-python"
version = "0.1.0"
source = { virtual = "." }
dependencies = [
    { name = "maturin" },
]

[package.metadata]
requires-dist = [{ name = "maturin", specifier = ">=1.7.1" }]

[[package]]
name = "maturin"
version = "1.7.1"
source = { registry = "https://pypi.org/simple" }
dependencies = [
    { name = "tomli", marker = "python_full_version < '3.11'" },
]
sdist = { url = "https://files.pythonhosted.org/packages/1d/ec/1f688d6ad82a568fd7c239f1c7a130d3fc2634977df4ef662ee0ac58a153/maturin-1.7.1.tar.gz", hash = "sha256:147754cb3d81177ee12d9baf575d93549e76121dacd3544ad6a50ab718de2b9c", size = 190286 }
wheels = [
    { url = "https://files.pythonhosted.org/packages/d5/71/2da6a923a8c65749c614f95046ea0190ff00d6923edc20b0c5ecff2119f1/maturin-1.7.1-py3-none-linux_armv6l.whl", hash = "sha256:372a141b31ae7396728d2dedc6061fe4522c1803ae1c05700d37008e1d1a2cc9", size = 8198799 },
    { url = "https://files.pythonhosted.org/packages/21/7c/70e4f4e634777652101277eb1449777310f960f831c831bf7956ea81ef82/maturin-1.7.1-py3-none-macosx_10_12_x86_64.macosx_11_0_arm64.macosx_10_12_universal2.whl", hash = "sha256:49939608095d9bcdf19d081dfd6ac1e8f915c645115090514c7b86e1e382f241", size = 15603724 },
    { url = "https://files.pythonhosted.org/packages/0d/2c/06702f20e9f8f019bc036084292c9fe3ae04b4f6a163929ee10627dd0258/maturin-1.7.1-py3-none-macosx_10_12_x86_64.whl", hash = "sha256:973126a36cfb9861b3207df579678c1bcd7c348578a41ccfbe80d811a84f1740", size = 7982580 },
    { url = "https://files.pythonhosted.org/packages/6c/a3/a4841dddb81e1855b57acf393ba72c405f097a3c6d7d5078e4d7105a4735/maturin-1.7.1-py3-none-manylinux_2_12_i686.manylinux2010_i686.musllinux_1_1_i686.whl", hash = "sha256:6eec984d26f707b18765478f4892e58ac72e777287cd2ba721d6e2ef6da1f66e", size = 8548076 },
    { url = "https://files.pythonhosted.org/packages/ad/1c/1d0fd54bb2d068d0f9d513b0fdfb089a0fe8d20f020e673de0a0cda4f485/maturin-1.7.1-py3-none-manylinux_2_12_x86_64.manylinux2010_x86_64.musllinux_1_1_x86_64.whl", hash = "sha256:0df0a6aaf7e9ab92cce2490b03d80b8f5ecbfa0689747a2ea4dfb9e63877b79c", size = 8705393 },
    { url = "https://files.pythonhosted.org/packages/61/f4/6f4023c9653256fbcf2ef1ab6926f9fd4260390d25c258108ddfd45978d3/maturin-1.7.1-py3-none-manylinux_2_17_aarch64.manylinux2014_aarch64.musllinux_1_1_aarch64.whl", hash = "sha256:09cca3491c756d1bce6ffff13f004e8a10e67c72a1cba9579058f58220505881", size = 8422778 },
    { url = "https://files.pythonhosted.org/packages/15/d9/d927f225959e95c89fc6999130426d90d3f8285815dc2503a473049cb232/maturin-1.7.1-py3-none-manylinux_2_17_armv7l.manylinux2014_armv7l.musllinux_1_1_armv7l.whl", hash = "sha256:00f0f8f5051f4c0d0f69bdd0c6297ea87e979f70fb78a377eb4277c932804e2d", size = 8090248 },
    { url = "https://files.pythonhosted.org/packages/e3/d7/577d081996b901e02c2f3f9881fa1c1b4097bf3a0a46b7f7d8481a37ce1e/maturin-1.7.1-py3-none-manylinux_2_17_ppc64le.manylinux2014_ppc64le.musllinux_1_1_ppc64le.whl", hash = "sha256:7bb184cfbac4e3c55ca21d322e4801e0f75e7932287e156c280c279eae60b69e", size = 8731356 },
    { url = "https://files.pythonhosted.org/packages/53/3e/725176fac7ce884bc577603f58026fd56b4faed067e81fe6a0839f5a4464/maturin-1.7.1-py3-none-manylinux_2_17_s390x.manylinux2014_s390x.whl", hash = "sha256:e5e8e61468d7d79790f0b54f2ed24f2fefbce3518548bc4e1a1f0c7be5bad710", size = 9901905 },
    { url = "https://files.pythonhosted.org/packages/61/69/3960d152d0a3e527212b4fe991ada3618fd2f5ec64edffdd38875adb1b9c/maturin-1.7.1-py3-none-win32.whl", hash = "sha256:07c8800603e551a45e16fe7ad1742977097ea43c18b28e491df74d4ca15c5857", size = 6479042 },
    { url = "https://files.pythonhosted.org/packages/a1/5b/512efa939f747f1a1277f981ca1de332f01bb187d193cb8d67f816c38735/maturin-1.7.1-py3-none-win_amd64.whl", hash = "sha256:c5e7e6d130072ca76956106daa276f24a66c3407cfe6cf64c196d4299fd4175c", size = 7268270 },
    { url = "https://files.pythonhosted.org/packages/c6/ce/eda05e623102dfb75b60f8b222ab3d6bc98a6e7182cc44602b422bd0f07a/maturin-1.7.1-py3-none-win_arm64.whl", hash = "sha256:acf9f539f53a7ad64d406a40b27b768f67d75e6e4e93cb04b29025144a74ef45", size = 6277021 },
]

[[package]]
name = "tomli"
version = "2.0.1"
source = { registry = "https://pypi.org/simple" }
sdist = { url = "https://files.pythonhosted.org/packages/c0/3f/d7af728f075fb08564c5949a9c95e44352e23dee646869fa104a3b2060a3/tomli-2.0.1.tar.gz", hash = "sha256:de526c12914f0c550d15924c62d72abc48d6fe7364aa87328337a31007fe8a4f", size = 15164 }
wheels = [
    { url = "https://files.pythonhosted.org/packages/97/75/10a9ebee3fd790d20926a90a2547f0bf78f371b2f13aa822c759680ca7b9/tomli-2.0.1-py3-none-any.whl", hash = "sha256:939de3e7a6161af0c887ef91b7d41a53e7c5a1ca976325f429cb46ea9bc30ecc", size = 12757 },
]
